
Microsoft Visual Studio Solution File, Format Version 12.00
# Visual Studio 15
Project("{FAE04EC0-301F-11D3-BF4B-00C04F79EFBC}") = "EFCore", "EFCore\EFCore.csproj", "{B1D6B3F0-DAEF-4D81-8A5A-87D496F19343}"
EndProject
Global
	GlobalSection(SolutionConfigurationPlatforms) = preSolution
		Debug|Any CPU = Debug|Any CPU
		Release|Any CPU = Release|Any CPU
	EndGlobalSection
	GlobalSection(ProjectConfigurationPlatforms) = postSolution
		{B1D6B3F0-DAEF-4D81-8A5A-87D496F19343}.Debug|Any CPU.ActiveCfg = Debug|Any CPU
		{B1D6B3F0-DAEF-4D81-8A5A-87D496F19343}.Debug|Any CPU.Build.0 = Debug|Any CPU
		{B1D6B3F0-DAEF-4D81-8A5A-87D496F19343}.Release|Any CPU.ActiveCfg = Release|Any CPU
		{B1D6B3F0-DAEF-4D81-8A5A-87D496F19343}.Release|Any CPU.Build.0 = Release|Any CPU
	EndGlobalSection
EndGlobal
